
Microsoft Visual Studio Solution File, Format Version 12.00
# Visual Studio Version 17
VisualStudioVersion = 17.7.34221.43
MinimumVisualStudioVersion = 10.0.40219.1
Project("{FAE04EC0-301F-11D3-BF4B-00C04F79EFBC}") = "Assignment02", "Assignment02\Assignment02.csproj", "{A6578EB8-1D84-4E51-B4A0-D0E109CF74D2}"
EndProject
Global
	GlobalSection(SolutionConfigurationPlatforms) = preSolution
		Debug|Any CPU = Debug|Any CPU
		Release|Any CPU = Release|Any CPU
	EndGlobalSection
	GlobalSection(ProjectConfigurationPlatforms) = postSolution
		{A6578EB8-1D84-4E51-B4A0-D0E109CF74D2}.Debug|Any CPU.ActiveCfg = Debug|Any CPU
		{A6578EB8-1D84-4E51-B4A0-D0E109CF74D2}.Debug|Any CPU.Build.0 = Debug|Any CPU
		{A6578EB8-1D84-4E51-B4A0-D0E109CF74D2}.Release|Any CPU.ActiveCfg = Release|Any CPU
		{A6578EB8-1D84-4E51-B4A0-D0E109CF74D2}.Release|Any CPU.Build.0 = Release|Any CPU
	EndGlobalSection
	GlobalSection(SolutionProperties) = preSolution
		HideSolutionNode = FALSE
	EndGlobalSection
	GlobalSection(ExtensibilityGlobals) = postSolution
		SolutionGuid = {C89BB811-5ACE-4182-A9DA-E8BFA808AFD8}
	EndGlobalSection
EndGlobal
