
Microsoft Visual Studio Solution File, Format Version 12.00
# Visual Studio Version 17
VisualStudioVersion = 17.7.34221.43
MinimumVisualStudioVersion = 10.0.40219.1
Project("{FAE04EC0-301F-11D3-BF4B-00C04F79EFBC}") = "Task03", "Task03\Task03.csproj", "{39A07C22-610B-43E2-94BE-0D8D305439C0}"
EndProject
Global
	GlobalSection(SolutionConfigurationPlatforms) = preSolution
		Debug|Any CPU = Debug|Any CPU
		Release|Any CPU = Release|Any CPU
	EndGlobalSection
	GlobalSection(ProjectConfigurationPlatforms) = postSolution
		{39A07C22-610B-43E2-94BE-0D8D305439C0}.Debug|Any CPU.ActiveCfg = Debug|Any CPU
		{39A07C22-610B-43E2-94BE-0D8D305439C0}.Debug|Any CPU.Build.0 = Debug|Any CPU
		{39A07C22-610B-43E2-94BE-0D8D305439C0}.Release|Any CPU.ActiveCfg = Release|Any CPU
		{39A07C22-610B-43E2-94BE-0D8D305439C0}.Release|Any CPU.Build.0 = Release|Any CPU
	EndGlobalSection
	GlobalSection(SolutionProperties) = preSolution
		HideSolutionNode = FALSE
	EndGlobalSection
	GlobalSection(ExtensibilityGlobals) = postSolution
		SolutionGuid = {88BEAAB3-EB5A-466F-BD6B-1C6AE8B9A8E1}
	EndGlobalSection
EndGlobal
