
Microsoft Visual Studio Solution File, Format Version 12.00
# Visual Studio Version 17
VisualStudioVersion = 17.7.34031.279
MinimumVisualStudioVersion = 10.0.40219.1
Project("{FAE04EC0-301F-11D3-BF4B-00C04F79EFBC}") = "Task02-form_JB", "Task02-form_JB\Task02-form_JB.csproj", "{FE6432EB-87CE-4DE8-8D5F-B258F435811F}"
EndProject
Global
	GlobalSection(SolutionConfigurationPlatforms) = preSolution
		Debug|Any CPU = Debug|Any CPU
		Release|Any CPU = Release|Any CPU
	EndGlobalSection
	GlobalSection(ProjectConfigurationPlatforms) = postSolution
		{FE6432EB-87CE-4DE8-8D5F-B258F435811F}.Debug|Any CPU.ActiveCfg = Debug|Any CPU
		{FE6432EB-87CE-4DE8-8D5F-B258F435811F}.Debug|Any CPU.Build.0 = Debug|Any CPU
		{FE6432EB-87CE-4DE8-8D5F-B258F435811F}.Release|Any CPU.ActiveCfg = Release|Any CPU
		{FE6432EB-87CE-4DE8-8D5F-B258F435811F}.Release|Any CPU.Build.0 = Release|Any CPU
	EndGlobalSection
	GlobalSection(SolutionProperties) = preSolution
		HideSolutionNode = FALSE
	EndGlobalSection
	GlobalSection(ExtensibilityGlobals) = postSolution
		SolutionGuid = {0B50ACC0-06E5-433F-AA78-3655E15366C2}
	EndGlobalSection
EndGlobal
