
Microsoft Visual Studio Solution File, Format Version 12.00
# Visual Studio Version 17
VisualStudioVersion = 17.8.34330.188
MinimumVisualStudioVersion = 10.0.40219.1
Project("{FAE04EC0-301F-11D3-BF4B-00C04F79EFBC}") = "Task04B", "Task04B\Task04B.csproj", "{8F7438BE-42B6-4B61-89FD-CA3EB475ECA2}"
EndProject
Global
	GlobalSection(SolutionConfigurationPlatforms) = preSolution
		Debug|Any CPU = Debug|Any CPU
		Release|Any CPU = Release|Any CPU
	EndGlobalSection
	GlobalSection(ProjectConfigurationPlatforms) = postSolution
		{8F7438BE-42B6-4B61-89FD-CA3EB475ECA2}.Debug|Any CPU.ActiveCfg = Debug|Any CPU
		{8F7438BE-42B6-4B61-89FD-CA3EB475ECA2}.Debug|Any CPU.Build.0 = Debug|Any CPU
		{8F7438BE-42B6-4B61-89FD-CA3EB475ECA2}.Release|Any CPU.ActiveCfg = Release|Any CPU
		{8F7438BE-42B6-4B61-89FD-CA3EB475ECA2}.Release|Any CPU.Build.0 = Release|Any CPU
	EndGlobalSection
	GlobalSection(SolutionProperties) = preSolution
		HideSolutionNode = FALSE
	EndGlobalSection
	GlobalSection(ExtensibilityGlobals) = postSolution
		SolutionGuid = {F6FEC882-DF42-4531-A2D7-8ED63F24214D}
	EndGlobalSection
EndGlobal
